
Microsoft Visual Studio Solution File, Format Version 12.00
# Visual Studio Version 17
VisualStudioVersion = 17.11.35303.130
MinimumVisualStudioVersion = 10.0.40219.1
Project("{9A19103F-16F7-4668-BE54-9A1E7A4F7556}") = "BlaBlaApi", "BlaBlaApi\BlaBlaApi.csproj", "{A16B7515-F970-4634-BA1F-43400B4CDB94}"
EndProject
Project("{FAE04EC0-301F-11D3-BF4B-00C04F79EFBC}") = "BlaBlaTest", "BlaBlaTest\BlaBlaTest.csproj", "{C085E223-A6CA-443B-9D60-64269A8CBF73}"
EndProject
Global
	GlobalSection(SolutionConfigurationPlatforms) = preSolution
		Debug|Any CPU = Debug|Any CPU
		Release|Any CPU = Release|Any CPU
	EndGlobalSection
	GlobalSection(ProjectConfigurationPlatforms) = postSolution
		{A16B7515-F970-4634-BA1F-43400B4CDB94}.Debug|Any CPU.ActiveCfg = Debug|Any CPU
		{A16B7515-F970-4634-BA1F-43400B4CDB94}.Debug|Any CPU.Build.0 = Debug|Any CPU
		{A16B7515-F970-4634-BA1F-43400B4CDB94}.Release|Any CPU.ActiveCfg = Release|Any CPU
		{A16B7515-F970-4634-BA1F-43400B4CDB94}.Release|Any CPU.Build.0 = Release|Any CPU
		{C085E223-A6CA-443B-9D60-64269A8CBF73}.Debug|Any CPU.ActiveCfg = Debug|Any CPU
		{C085E223-A6CA-443B-9D60-64269A8CBF73}.Debug|Any CPU.Build.0 = Debug|Any CPU
		{C085E223-A6CA-443B-9D60-64269A8CBF73}.Release|Any CPU.ActiveCfg = Release|Any CPU
		{C085E223-A6CA-443B-9D60-64269A8CBF73}.Release|Any CPU.Build.0 = Release|Any CPU
	EndGlobalSection
	GlobalSection(SolutionProperties) = preSolution
		HideSolutionNode = FALSE
	EndGlobalSection
	GlobalSection(ExtensibilityGlobals) = postSolution
		SolutionGuid = {5AF7E5B0-E977-46A1-9001-7D3611094939}
	EndGlobalSection
EndGlobal
